
Microsoft Visual Studio Solution File, Format Version 12.00
# Visual Studio 15
VisualStudioVersion = 15.0.26730.12
MinimumVisualStudioVersion = 10.0.40219.1
Project("{FAE04EC0-301F-11D3-BF4B-00C04F79EFBC}") = "CSharpTest.Net.Collections.Test", "src\CSharpTest.Net.CollectionsTest\CSharpTest.Net.Collections.Test.csproj", "{097601FB-7E62-47DA-8E48-B56C9AD5DF20}"
EndProject
Project("{2150E333-8FDC-42A3-9474-1A3956D46DE8}") = ".nuget", ".nuget", "{794876C0-9497-427F-922C-26B92DA08A73}"
	ProjectSection(SolutionItems) = preProject
		.nuget\packages.config = .nuget\packages.config
	EndProjectSection
EndProject
Project("{9A19103F-16F7-4668-BE54-9A1E7A4F7556}") = "CSharpTest.Net.Collections", "src\CSharpTest.Net.Collections\CSharpTest.Net.Collections.csproj", "{EFBB399F-888D-498D-A8CE-54BA937CD13F}"
EndProject
Project("{FAE04EC0-301F-11D3-BF4B-00C04F79EFBC}") = "CSharpTest.Net.BPlusTree.Test", "src\CSharpTest.Net.BPlusTreeTest\CSharpTest.Net.BPlusTree.Test.csproj", "{F97601FB-7E62-47DA-8E48-B56C9AD5DF20}"
EndProject
Global
	GlobalSection(SolutionConfigurationPlatforms) = preSolution
		Debug|Any CPU = Debug|Any CPU
		Release|Any CPU = Release|Any CPU
	EndGlobalSection
	GlobalSection(ProjectConfigurationPlatforms) = postSolution
		{097601FB-7E62-47DA-8E48-B56C9AD5DF20}.Debug|Any CPU.ActiveCfg = Debug|Any CPU
		{097601FB-7E62-47DA-8E48-B56C9AD5DF20}.Debug|Any CPU.Build.0 = Debug|Any CPU
		{097601FB-7E62-47DA-8E48-B56C9AD5DF20}.Release|Any CPU.ActiveCfg = Release|Any CPU
		{097601FB-7E62-47DA-8E48-B56C9AD5DF20}.Release|Any CPU.Build.0 = Release|Any CPU
		{EFBB399F-888D-498D-A8CE-54BA937CD13F}.Debug|Any CPU.ActiveCfg = Debug|Any CPU
		{EFBB399F-888D-498D-A8CE-54BA937CD13F}.Debug|Any CPU.Build.0 = Debug|Any CPU
		{EFBB399F-888D-498D-A8CE-54BA937CD13F}.Release|Any CPU.ActiveCfg = Release|Any CPU
		{EFBB399F-888D-498D-A8CE-54BA937CD13F}.Release|Any CPU.Build.0 = Release|Any CPU
		{F97601FB-7E62-47DA-8E48-B56C9AD5DF20}.Debug|Any CPU.ActiveCfg = Debug|Any CPU
		{F97601FB-7E62-47DA-8E48-B56C9AD5DF20}.Debug|Any CPU.Build.0 = Debug|Any CPU
		{F97601FB-7E62-47DA-8E48-B56C9AD5DF20}.Release|Any CPU.ActiveCfg = Release|Any CPU
		{F97601FB-7E62-47DA-8E48-B56C9AD5DF20}.Release|Any CPU.Build.0 = Release|Any CPU
	EndGlobalSection
	GlobalSection(SolutionProperties) = preSolution
		HideSolutionNode = FALSE
	EndGlobalSection
	GlobalSection(ExtensibilityGlobals) = postSolution
		SolutionGuid = {EC471601-71C7-40CB-B748-04C3CAA53735}
	EndGlobalSection
EndGlobal
